
Microsoft Visual Studio Solution File, Format Version 12.00
# Visual Studio Version 17
VisualStudioVersion = 17.9.34607.119
MinimumVisualStudioVersion = 10.0.40219.1
Project("{FAE04EC0-301F-11D3-BF4B-00C04F79EFBC}") = "Task16.7.1", "Task16.7.1\Task16.7.1.csproj", "{799C2E72-34FD-4148-84C8-E45ADEECDBB2}"
EndProject
Project("{FAE04EC0-301F-11D3-BF4B-00C04F79EFBC}") = "Task16.7.1.Tests", "Task16.7.1.Tests\Task16.7.1.Tests.csproj", "{258DB904-9F89-4E86-8E68-D09C57D63587}"
EndProject
Global
	GlobalSection(SolutionConfigurationPlatforms) = preSolution
		Debug|Any CPU = Debug|Any CPU
		Release|Any CPU = Release|Any CPU
	EndGlobalSection
	GlobalSection(ProjectConfigurationPlatforms) = postSolution
		{799C2E72-34FD-4148-84C8-E45ADEECDBB2}.Debug|Any CPU.ActiveCfg = Debug|Any CPU
		{799C2E72-34FD-4148-84C8-E45ADEECDBB2}.Debug|Any CPU.Build.0 = Debug|Any CPU
		{799C2E72-34FD-4148-84C8-E45ADEECDBB2}.Release|Any CPU.ActiveCfg = Release|Any CPU
		{799C2E72-34FD-4148-84C8-E45ADEECDBB2}.Release|Any CPU.Build.0 = Release|Any CPU
		{258DB904-9F89-4E86-8E68-D09C57D63587}.Debug|Any CPU.ActiveCfg = Debug|Any CPU
		{258DB904-9F89-4E86-8E68-D09C57D63587}.Debug|Any CPU.Build.0 = Debug|Any CPU
		{258DB904-9F89-4E86-8E68-D09C57D63587}.Release|Any CPU.ActiveCfg = Release|Any CPU
		{258DB904-9F89-4E86-8E68-D09C57D63587}.Release|Any CPU.Build.0 = Release|Any CPU
	EndGlobalSection
	GlobalSection(SolutionProperties) = preSolution
		HideSolutionNode = FALSE
	EndGlobalSection
	GlobalSection(ExtensibilityGlobals) = postSolution
		SolutionGuid = {FB7FCE5A-60A7-4200-9D78-A28BA86E6720}
	EndGlobalSection
EndGlobal
